// !$*UTF8*$!
{
	archiveVersion = 1;
	classes = {
	};
	objectVersion = 46;
	objects = {

/* Begin PBXBuildFile section */
		9B23521B1826BCFC001DE3B7 /* E20SensorInfo.mm in Sources */ = {isa = PBXBuildFile; fileRef = 9B23521A1826BCFC001DE3B7 /* E20SensorInfo.mm */; };
		9B23521F1826CD94001DE3B7 /* E203dDataPoint.m in Sources */ = {isa = PBXBuildFile; fileRef = 9B23521E1826CD94001DE3B7 /* E203dDataPoint.m */; };
		9B2352221826F51D001DE3B7 /* E20OrientationViewController.m in Sources */ = {isa = PBXBuildFile; fileRef = 9B2352211826F51D001DE3B7 /* E20OrientationViewController.m */; };
		9B2352251826FCC0001DE3B7 /* E20OrientationGraphView.m in Sources */ = {isa = PBXBuildFile; fileRef = 9B2352241826FCC0001DE3B7 /* E20OrientationGraphView.m */; };
		9B23522818273531001DE3B7 /* E20OrientationViewScrollSubClass.m in Sources */ = {isa = PBXBuildFile; fileRef = 9B23522718273531001DE3B7 /* E20OrientationViewScrollSubClass.m */; };
		9B23522B18284AC1001DE3B7 /* E201dDataPoint.m in Sources */ = {isa = PBXBuildFile; fileRef = 9B23522A18284AC1001DE3B7 /* E201dDataPoint.m */; };
		9B23522E18286CE1001DE3B7 /* E20Matrix.mm in Sources */ = {isa = PBXBuildFile; fileRef = 9B23522D18286CE1001DE3B7 /* E20Matrix.mm */; };
		9B4377521820B9EE00D50E0B /* E20AccelGraphView.m in Sources */ = {isa = PBXBuildFile; fileRef = 9B4377511820B9EE00D50E0B /* E20AccelGraphView.m */; };
		9B4562C41838547A004524D8 /* E20StepDetectionViewController.m in Sources */ = {isa = PBXBuildFile; fileRef = 9B4562C31838547A004524D8 /* E20StepDetectionViewController.m */; };
		9BB99D6B182063930061D126 /* Foundation.framework in Frameworks */ = {isa = PBXBuildFile; fileRef = 9BB99D6A182063930061D126 /* Foundation.framework */; };
		9BB99D6D182063930061D126 /* CoreGraphics.framework in Frameworks */ = {isa = PBXBuildFile; fileRef = 9BB99D6C182063930061D126 /* CoreGraphics.framework */; };
		9BB99D6F182063930061D126 /* UIKit.framework in Frameworks */ = {isa = PBXBuildFile; fileRef = 9BB99D6E182063930061D126 /* UIKit.framework */; };
		9BB99D75182063930061D126 /* InfoPlist.strings in Resources */ = {isa = PBXBuildFile; fileRef = 9BB99D73182063930061D126 /* InfoPlist.strings */; };
		9BB99D77182063930061D126 /* main.m in Sources */ = {isa = PBXBuildFile; fileRef = 9BB99D76182063930061D126 /* main.m */; };
		9BB99D7B182063930061D126 /* E20AppDelegate.m in Sources */ = {isa = PBXBuildFile; fileRef = 9BB99D7A182063930061D126 /* E20AppDelegate.m */; };
		9BB99D7E182063930061D126 /* Main.storyboard in Resources */ = {isa = PBXBuildFile; fileRef = 9BB99D7C182063930061D126 /* Main.storyboard */; };
		9BB99D81182063930061D126 /* E20ViewController.m in Sources */ = {isa = PBXBuildFile; fileRef = 9BB99D80182063930061D126 /* E20ViewController.m */; };
		9BB99D83182063930061D126 /* Images.xcassets in Resources */ = {isa = PBXBuildFile; fileRef = 9BB99D82182063930061D126 /* Images.xcassets */; };
		9BB99D8A182063930061D126 /* XCTest.framework in Frameworks */ = {isa = PBXBuildFile; fileRef = 9BB99D89182063930061D126 /* XCTest.framework */; };
		9BB99D8B182063930061D126 /* Foundation.framework in Frameworks */ = {isa = PBXBuildFile; fileRef = 9BB99D6A182063930061D126 /* Foundation.framework */; };
		9BB99D8C182063930061D126 /* UIKit.framework in Frameworks */ = {isa = PBXBuildFile; fileRef = 9BB99D6E182063930061D126 /* UIKit.framework */; };
		9BB99D94182063930061D126 /* InfoPlist.strings in Resources */ = {isa = PBXBuildFile; fileRef = 9BB99D92182063930061D126 /* InfoPlist.strings */; };
		9BB99D96182063930061D126 /* InertialInternalTests.m in Sources */ = {isa = PBXBuildFile; fileRef = 9BB99D95182063930061D126 /* InertialInternalTests.m */; };
		9BB99DA0182063A50061D126 /* CoreMotion.framework in Frameworks */ = {isa = PBXBuildFile; fileRef = 9BB99D9F182063A50061D126 /* CoreMotion.framework */; };
		9BB99DA3182064820061D126 /* E20ContentViewController.m in Sources */ = {isa = PBXBuildFile; fileRef = 9BB99DA2182064820061D126 /* E20ContentViewController.m */; };
		9BB99DA6182065650061D126 /* E20ContentItem.m in Sources */ = {isa = PBXBuildFile; fileRef = 9BB99DA5182065650061D126 /* E20ContentItem.m */; };
		9BB99DAA182075490061D126 /* E20RecordViewScrollSubClass.m in Sources */ = {isa = PBXBuildFile; fileRef = 9BB99DA9182075490061D126 /* E20RecordViewScrollSubClass.m */; };
/* End PBXBuildFile section */

/* Begin PBXContainerItemProxy section */
		9BB99D8D182063930061D126 /* PBXContainerItemProxy */ = {
			isa = PBXContainerItemProxy;
			containerPortal = 9BB99D5F182063930061D126 /* Project object */;
			proxyType = 1;
			remoteGlobalIDString = 9BB99D66182063930061D126;
			remoteInfo = InertialInternal;
		};
/* End PBXContainerItemProxy section */

/* Begin PBXFileReference section */
		9B2352191826BCFC001DE3B7 /* E20SensorInfo.h */ = {isa = PBXFileReference; fileEncoding = 4; lastKnownFileType = sourcecode.c.h; path = E20SensorInfo.h; sourceTree = "<group>"; };
		9B23521A1826BCFC001DE3B7 /* E20SensorInfo.mm */ = {isa = PBXFileReference; fileEncoding = 4; lastKnownFileType = sourcecode.cpp.objcpp; path = E20SensorInfo.mm; sourceTree = "<group>"; };
		9B23521D1826CD94001DE3B7 /* E203dDataPoint.h */ = {isa = PBXFileReference; fileEncoding = 4; lastKnownFileType = sourcecode.c.h; path = E203dDataPoint.h; sourceTree = "<group>"; };
		9B23521E1826CD94001DE3B7 /* E203dDataPoint.m */ = {isa = PBXFileReference; fileEncoding = 4; lastKnownFileType = sourcecode.c.objc; path = E203dDataPoint.m; sourceTree = "<group>"; };
		9B2352201826F51D001DE3B7 /* E20OrientationViewController.h */ = {isa = PBXFileReference; fileEncoding = 4; lastKnownFileType = sourcecode.c.h; path = E20OrientationViewController.h; sourceTree = "<group>"; };
		9B2352211826F51D001DE3B7 /* E20OrientationViewController.m */ = {isa = PBXFileReference; fileEncoding = 4; lastKnownFileType = sourcecode.c.objc; path = E20OrientationViewController.m; sourceTree = "<group>"; };
		9B2352231826FCC0001DE3B7 /* E20OrientationGraphView.h */ = {isa = PBXFileReference; fileEncoding = 4; lastKnownFileType = sourcecode.c.h; path = E20OrientationGraphView.h; sourceTree = "<group>"; };
		9B2352241826FCC0001DE3B7 /* E20OrientationGraphView.m */ = {isa = PBXFileReference; fileEncoding = 4; lastKnownFileType = sourcecode.c.objc; path = E20OrientationGraphView.m; sourceTree = "<group>"; };
		9B23522618273531001DE3B7 /* E20OrientationViewScrollSubClass.h */ = {isa = PBXFileReference; fileEncoding = 4; lastKnownFileType = sourcecode.c.h; path = E20OrientationViewScrollSubClass.h; sourceTree = "<group>"; };
		9B23522718273531001DE3B7 /* E20OrientationViewScrollSubClass.m */ = {isa = PBXFileReference; fileEncoding = 4; lastKnownFileType = sourcecode.c.objc; path = E20OrientationViewScrollSubClass.m; sourceTree = "<group>"; };
		9B23522918284AC1001DE3B7 /* E201dDataPoint.h */ = {isa = PBXFileReference; fileEncoding = 4; lastKnownFileType = sourcecode.c.h; path = E201dDataPoint.h; sourceTree = "<group>"; };
		9B23522A18284AC1001DE3B7 /* E201dDataPoint.m */ = {isa = PBXFileReference; fileEncoding = 4; lastKnownFileType = sourcecode.c.objc; path = E201dDataPoint.m; sourceTree = "<group>"; };
		9B23522C18286CE1001DE3B7 /* E20Matrix.h */ = {isa = PBXFileReference; fileEncoding = 4; lastKnownFileType = sourcecode.c.h; path = E20Matrix.h; sourceTree = "<group>"; };
		9B23522D18286CE1001DE3B7 /* E20Matrix.mm */ = {isa = PBXFileReference; fileEncoding = 4; lastKnownFileType = sourcecode.cpp.objcpp; path = E20Matrix.mm; sourceTree = "<group>"; };
		9B4377501820B9EE00D50E0B /* E20AccelGraphView.h */ = {isa = PBXFileReference; fileEncoding = 4; lastKnownFileType = sourcecode.c.h; path = E20AccelGraphView.h; sourceTree = "<group>"; };
		9B4377511820B9EE00D50E0B /* E20AccelGraphView.m */ = {isa = PBXFileReference; fileEncoding = 4; lastKnownFileType = sourcecode.c.objc; path = E20AccelGraphView.m; sourceTree = "<group>"; };
		9B4562C21838547A004524D8 /* E20StepDetectionViewController.h */ = {isa = PBXFileReference; fileEncoding = 4; lastKnownFileType = sourcecode.c.h; path = E20StepDetectionViewController.h; sourceTree = "<group>"; };
		9B4562C31838547A004524D8 /* E20StepDetectionViewController.m */ = {isa = PBXFileReference; fileEncoding = 4; lastKnownFileType = sourcecode.c.objc; path = E20StepDetectionViewController.m; sourceTree = "<group>"; };
		9BB99D67182063930061D126 /* InertialInternal.app */ = {isa = PBXFileReference; explicitFileType = wrapper.application; includeInIndex = 0; path = InertialInternal.app; sourceTree = BUILT_PRODUCTS_DIR; };
		9BB99D6A182063930061D126 /* Foundation.framework */ = {isa = PBXFileReference; lastKnownFileType = wrapper.framework; name = Foundation.framework; path = System/Library/Frameworks/Foundation.framework; sourceTree = SDKROOT; };
		9BB99D6C182063930061D126 /* CoreGraphics.framework */ = {isa = PBXFileReference; lastKnownFileType = wrapper.framework; name = CoreGraphics.framework; path = System/Library/Frameworks/CoreGraphics.framework; sourceTree = SDKROOT; };
		9BB99D6E182063930061D126 /* UIKit.framework */ = {isa = PBXFileReference; lastKnownFileType = wrapper.framework; name = UIKit.framework; path = System/Library/Frameworks/UIKit.framework; sourceTree = SDKROOT; };
		9BB99D72182063930061D126 /* InertialInternal-Info.plist */ = {isa = PBXFileReference; lastKnownFileType = text.plist.xml; path = "InertialInternal-Info.plist"; sourceTree = "<group>"; };
		9BB99D74182063930061D126 /* en */ = {isa = PBXFileReference; lastKnownFileType = text.plist.strings; name = en; path = en.lproj/InfoPlist.strings; sourceTree = "<group>"; };
		9BB99D76182063930061D126 /* main.m */ = {isa = PBXFileReference; lastKnownFileType = sourcecode.c.objc; path = main.m; sourceTree = "<group>"; };
		9BB99D78182063930061D126 /* InertialInternal-Prefix.pch */ = {isa = PBXFileReference; lastKnownFileType = sourcecode.c.h; path = "InertialInternal-Prefix.pch"; sourceTree = "<group>"; };
		9BB99D79182063930061D126 /* E20AppDelegate.h */ = {isa = PBXFileReference; lastKnownFileType = sourcecode.c.h; path = E20AppDelegate.h; sourceTree = "<group>"; };
		9BB99D7A182063930061D126 /* E20AppDelegate.m */ = {isa = PBXFileReference; lastKnownFileType = sourcecode.c.objc; path = E20AppDelegate.m; sourceTree = "<group>"; };
		9BB99D7D182063930061D126 /* Base */ = {isa = PBXFileReference; lastKnownFileType = file.storyboard; name = Base; path = Base.lproj/Main.storyboard; sourceTree = "<group>"; };
		9BB99D7F182063930061D126 /* E20ViewController.h */ = {isa = PBXFileReference; lastKnownFileType = sourcecode.c.h; name = E20ViewController.h; path = InertialInternal/E20ViewController.h; sourceTree = "<group>"; };
		9BB99D80182063930061D126 /* E20ViewController.m */ = {isa = PBXFileReference; lastKnownFileType = sourcecode.c.objc; name = E20ViewController.m; path = InertialInternal/E20ViewController.m; sourceTree = "<group>"; };
		9BB99D82182063930061D126 /* Images.xcassets */ = {isa = PBXFileReference; lastKnownFileType = folder.assetcatalog; path = Images.xcassets; sourceTree = "<group>"; };
		9BB99D88182063930061D126 /* InertialInternalTests.xctest */ = {isa = PBXFileReference; explicitFileType = wrapper.cfbundle; includeInIndex = 0; path = InertialInternalTests.xctest; sourceTree = BUILT_PRODUCTS_DIR; };
		9BB99D89182063930061D126 /* XCTest.framework */ = {isa = PBXFileReference; lastKnownFileType = wrapper.framework; name = XCTest.framework; path = Library/Frameworks/XCTest.framework; sourceTree = DEVELOPER_DIR; };
		9BB99D91182063930061D126 /* InertialInternalTests-Info.plist */ = {isa = PBXFileReference; lastKnownFileType = text.plist.xml; path = "InertialInternalTests-Info.plist"; sourceTree = "<group>"; };
		9BB99D93182063930061D126 /* en */ = {isa = PBXFileReference; lastKnownFileType = text.plist.strings; name = en; path = en.lproj/InfoPlist.strings; sourceTree = "<group>"; };
		9BB99D95182063930061D126 /* InertialInternalTests.m */ = {isa = PBXFileReference; lastKnownFileType = sourcecode.c.objc; path = InertialInternalTests.m; sourceTree = "<group>"; };
		9BB99D9F182063A50061D126 /* CoreMotion.framework */ = {isa = PBXFileReference; lastKnownFileType = wrapper.framework; name = CoreMotion.framework; path = System/Library/Frameworks/CoreMotion.framework; sourceTree = SDKROOT; };
		9BB99DA1182064820061D126 /* E20ContentViewController.h */ = {isa = PBXFileReference; fileEncoding = 4; lastKnownFileType = sourcecode.c.h; name = E20ContentViewController.h; path = InertialInternal/E20ContentViewController.h; sourceTree = "<group>"; };
		9BB99DA2182064820061D126 /* E20ContentViewController.m */ = {isa = PBXFileReference; fileEncoding = 4; lastKnownFileType = sourcecode.c.objc; name = E20ContentViewController.m; path = InertialInternal/E20ContentViewController.m; sourceTree = "<group>"; };
		9BB99DA4182065650061D126 /* E20ContentItem.h */ = {isa = PBXFileReference; fileEncoding = 4; lastKnownFileType = sourcecode.c.h; name = E20ContentItem.h; path = InertialInternal/E20ContentItem.h; sourceTree = "<group>"; };
		9BB99DA5182065650061D126 /* E20ContentItem.m */ = {isa = PBXFileReference; fileEncoding = 4; lastKnownFileType = sourcecode.c.objc; name = E20ContentItem.m; path = InertialInternal/E20ContentItem.m; sourceTree = "<group>"; };
		9BB99DA8182075490061D126 /* E20RecordViewScrollSubClass.h */ = {isa = PBXFileReference; fileEncoding = 4; lastKnownFileType = sourcecode.c.h; path = E20RecordViewScrollSubClass.h; sourceTree = "<group>"; };
		9BB99DA9182075490061D126 /* E20RecordViewScrollSubClass.m */ = {isa = PBXFileReference; fileEncoding = 4; lastKnownFileType = sourcecode.c.objc; path = E20RecordViewScrollSubClass.m; sourceTree = "<group>"; };
/* End PBXFileReference section */

/* Begin PBXFrameworksBuildPhase section */
		9BB99D64182063930061D126 /* Frameworks */ = {
			isa = PBXFrameworksBuildPhase;
			buildActionMask = 2147483647;
			files = (
				9BB99DA0182063A50061D126 /* CoreMotion.framework in Frameworks */,
				9BB99D6D182063930061D126 /* CoreGraphics.framework in Frameworks */,
				9BB99D6F182063930061D126 /* UIKit.framework in Frameworks */,
				9BB99D6B182063930061D126 /* Foundation.framework in Frameworks */,
			);
			runOnlyForDeploymentPostprocessing = 0;
		};
		9BB99D85182063930061D126 /* Frameworks */ = {
			isa = PBXFrameworksBuildPhase;
			buildActionMask = 2147483647;
			files = (
				9BB99D8A182063930061D126 /* XCTest.framework in Frameworks */,
				9BB99D8C182063930061D126 /* UIKit.framework in Frameworks */,
				9BB99D8B182063930061D126 /* Foundation.framework in Frameworks */,
			);
			runOnlyForDeploymentPostprocessing = 0;
		};
/* End PBXFrameworksBuildPhase section */

/* Begin PBXGroup section */
		9B23521C1826BD1E001DE3B7 /* SensorManipulation */ = {
			isa = PBXGroup;
			children = (
				9B2352191826BCFC001DE3B7 /* E20SensorInfo.h */,
				9B23521A1826BCFC001DE3B7 /* E20SensorInfo.mm */,
				9B23521D1826CD94001DE3B7 /* E203dDataPoint.h */,
				9B23521E1826CD94001DE3B7 /* E203dDataPoint.m */,
				9B23522918284AC1001DE3B7 /* E201dDataPoint.h */,
				9B23522A18284AC1001DE3B7 /* E201dDataPoint.m */,
				9B23522C18286CE1001DE3B7 /* E20Matrix.h */,
				9B23522D18286CE1001DE3B7 /* E20Matrix.mm */,
			);
			name = SensorManipulation;
			sourceTree = "<group>";
		};
		9BB99D5E182063930061D126 = {
			isa = PBXGroup;
			children = (
				9B23521C1826BD1E001DE3B7 /* SensorManipulation */,
				9BB99DA7182074F80061D126 /* StoryBoard */,
				9BB99D70182063930061D126 /* InertialInternal */,
				9BB99D8F182063930061D126 /* InertialInternalTests */,
				9BB99D69182063930061D126 /* Frameworks */,
				9BB99D68182063930061D126 /* Products */,
			);
			sourceTree = "<group>";
		};
		9BB99D68182063930061D126 /* Products */ = {
			isa = PBXGroup;
			children = (
				9BB99D67182063930061D126 /* InertialInternal.app */,
				9BB99D88182063930061D126 /* InertialInternalTests.xctest */,
			);
			name = Products;
			sourceTree = "<group>";
		};
		9BB99D69182063930061D126 /* Frameworks */ = {
			isa = PBXGroup;
			children = (
				9BB99D9F182063A50061D126 /* CoreMotion.framework */,
				9BB99D6A182063930061D126 /* Foundation.framework */,
				9BB99D6C182063930061D126 /* CoreGraphics.framework */,
				9BB99D6E182063930061D126 /* UIKit.framework */,
				9BB99D89182063930061D126 /* XCTest.framework */,
			);
			name = Frameworks;
			sourceTree = "<group>";
		};
		9BB99D70182063930061D126 /* InertialInternal */ = {
			isa = PBXGroup;
			children = (
				9BB99D79182063930061D126 /* E20AppDelegate.h */,
				9BB99D7A182063930061D126 /* E20AppDelegate.m */,
				9BB99D82182063930061D126 /* Images.xcassets */,
				9BB99D71182063930061D126 /* Supporting Files */,
			);
			path = InertialInternal;
			sourceTree = "<group>";
		};
		9BB99D71182063930061D126 /* Supporting Files */ = {
			isa = PBXGroup;
			children = (
				9BB99D72182063930061D126 /* InertialInternal-Info.plist */,
				9BB99D73182063930061D126 /* InfoPlist.strings */,
				9BB99D76182063930061D126 /* main.m */,
				9BB99D78182063930061D126 /* InertialInternal-Prefix.pch */,
			);
			name = "Supporting Files";
			sourceTree = "<group>";
		};
		9BB99D8F182063930061D126 /* InertialInternalTests */ = {
			isa = PBXGroup;
			children = (
				9BB99D95182063930061D126 /* InertialInternalTests.m */,
				9BB99D90182063930061D126 /* Supporting Files */,
			);
			path = InertialInternalTests;
			sourceTree = "<group>";
		};
		9BB99D90182063930061D126 /* Supporting Files */ = {
			isa = PBXGroup;
			children = (
				9BB99D91182063930061D126 /* InertialInternalTests-Info.plist */,
				9BB99D92182063930061D126 /* InfoPlist.strings */,
			);
			name = "Supporting Files";
			sourceTree = "<group>";
		};
		9BB99DA7182074F80061D126 /* StoryBoard */ = {
			isa = PBXGroup;
			children = (
				9B4562C21838547A004524D8 /* E20StepDetectionViewController.h */,
				9B4562C31838547A004524D8 /* E20StepDetectionViewController.m */,
				9B4377501820B9EE00D50E0B /* E20AccelGraphView.h */,
				9B4377511820B9EE00D50E0B /* E20AccelGraphView.m */,
				9BB99DA2182064820061D126 /* E20ContentViewController.m */,
				9BB99DA1182064820061D126 /* E20ContentViewController.h */,
				9BB99D7F182063930061D126 /* E20ViewController.h */,
				9BB99D80182063930061D126 /* E20ViewController.m */,
				9BB99DA5182065650061D126 /* E20ContentItem.m */,
				9BB99DA4182065650061D126 /* E20ContentItem.h */,
				9BB99D7C182063930061D126 /* Main.storyboard */,
				9B23522618273531001DE3B7 /* E20OrientationViewScrollSubClass.h */,
				9B23522718273531001DE3B7 /* E20OrientationViewScrollSubClass.m */,
				9B2352231826FCC0001DE3B7 /* E20OrientationGraphView.h */,
				9B2352241826FCC0001DE3B7 /* E20OrientationGraphView.m */,
				9B2352201826F51D001DE3B7 /* E20OrientationViewController.h */,
				9B2352211826F51D001DE3B7 /* E20OrientationViewController.m */,
				9BB99DA8182075490061D126 /* E20RecordViewScrollSubClass.h */,
				9BB99DA9182075490061D126 /* E20RecordViewScrollSubClass.m */,
			);
			name = StoryBoard;
			sourceTree = "<group>";
		};
/* End PBXGroup section */

/* Begin PBXNativeTarget section */
		9BB99D66182063930061D126 /* InertialInternal */ = {
			isa = PBXNativeTarget;
			buildConfigurationList = 9BB99D99182063930061D126 /* Build configuration list for PBXNativeTarget "InertialInternal" */;
			buildPhases = (
				9BB99D63182063930061D126 /* Sources */,
				9BB99D64182063930061D126 /* Frameworks */,
				9BB99D65182063930061D126 /* Resources */,
			);
			buildRules = (
			);
			dependencies = (
			);
			name = InertialInternal;
			productName = InertialInternal;
			productReference = 9BB99D67182063930061D126 /* InertialInternal.app */;
			productType = "com.apple.product-type.application";
		};
		9BB99D87182063930061D126 /* InertialInternalTests */ = {
			isa = PBXNativeTarget;
			buildConfigurationList = 9BB99D9C182063930061D126 /* Build configuration list for PBXNativeTarget "InertialInternalTests" */;
			buildPhases = (
				9BB99D84182063930061D126 /* Sources */,
				9BB99D85182063930061D126 /* Frameworks */,
				9BB99D86182063930061D126 /* Resources */,
			);
			buildRules = (
			);
			dependencies = (
				9BB99D8E182063930061D126 /* PBXTargetDependency */,
			);
			name = InertialInternalTests;
			productName = InertialInternalTests;
			productReference = 9BB99D88182063930061D126 /* InertialInternalTests.xctest */;
			productType = "com.apple.product-type.bundle.unit-test";
		};
/* End PBXNativeTarget section */

/* Begin PBXProject section */
		9BB99D5F182063930061D126 /* Project object */ = {
			isa = PBXProject;
			attributes = {
				CLASSPREFIX = E20;
				LastUpgradeCheck = 0500;
				ORGANIZATIONNAME = "E-Twenty Dev";
				TargetAttributes = {
					9BB99D87182063930061D126 = {
						TestTargetID = 9BB99D66182063930061D126;
					};
				};
			};
			buildConfigurationList = 9BB99D62182063930061D126 /* Build configuration list for PBXProject "InertialInternal" */;
			compatibilityVersion = "Xcode 3.2";
			developmentRegion = English;
			hasScannedForEncodings = 0;
			knownRegions = (
				en,
				Base,
			);
			mainGroup = 9BB99D5E182063930061D126;
			productRefGroup = 9BB99D68182063930061D126 /* Products */;
			projectDirPath = "";
			projectRoot = "";
			targets = (
				9BB99D66182063930061D126 /* InertialInternal */,
				9BB99D87182063930061D126 /* InertialInternalTests */,
			);
		};
/* End PBXProject section */

/* Begin PBXResourcesBuildPhase section */
		9BB99D65182063930061D126 /* Resources */ = {
			isa = PBXResourcesBuildPhase;
			buildActionMask = 2147483647;
			files = (
				9BB99D83182063930061D126 /* Images.xcassets in Resources */,
				9BB99D75182063930061D126 /* InfoPlist.strings in Resources */,
				9BB99D7E182063930061D126 /* Main.storyboard in Resources */,
			);
			runOnlyForDeploymentPostprocessing = 0;
		};
		9BB99D86182063930061D126 /* Resources */ = {
			isa = PBXResourcesBuildPhase;
			buildActionMask = 2147483647;
			files = (
				9BB99D94182063930061D126 /* InfoPlist.strings in Resources */,
			);
			runOnlyForDeploymentPostprocessing = 0;
		};
/* End PBXResourcesBuildPhase section */

/* Begin PBXSourcesBuildPhase section */
		9BB99D63182063930061D126 /* Sources */ = {
			isa = PBXSourcesBuildPhase;
			buildActionMask = 2147483647;
			files = (
				9B23522E18286CE1001DE3B7 /* E20Matrix.mm in Sources */,
				9B4562C41838547A004524D8 /* E20StepDetectionViewController.m in Sources */,
				9BB99D81182063930061D126 /* E20ViewController.m in Sources */,
				9BB99D7B182063930061D126 /* E20AppDelegate.m in Sources */,
				9BB99DAA182075490061D126 /* E20RecordViewScrollSubClass.m in Sources */,
				9B2352251826FCC0001DE3B7 /* E20OrientationGraphView.m in Sources */,
				9BB99DA3182064820061D126 /* E20ContentViewController.m in Sources */,
				9BB99DA6182065650061D126 /* E20ContentItem.m in Sources */,
				9B23522818273531001DE3B7 /* E20OrientationViewScrollSubClass.m in Sources */,
				9B23521F1826CD94001DE3B7 /* E203dDataPoint.m in Sources */,
				9BB99D77182063930061D126 /* main.m in Sources */,
				9B4377521820B9EE00D50E0B /* E20AccelGraphView.m in Sources */,
				9B23521B1826BCFC001DE3B7 /* E20SensorInfo.mm in Sources */,
				9B2352221826F51D001DE3B7 /* E20OrientationViewController.m in Sources */,
				9B23522B18284AC1001DE3B7 /* E201dDataPoint.m in Sources */,
			);
			runOnlyForDeploymentPostprocessing = 0;
		};
		9BB99D84182063930061D126 /* Sources */ = {
			isa = PBXSourcesBuildPhase;
			buildActionMask = 2147483647;
			files = (
				9BB99D96182063930061D126 /* InertialInternalTests.m in Sources */,
			);
			runOnlyForDeploymentPostprocessing = 0;
		};
/* End PBXSourcesBuildPhase section */

/* Begin PBXTargetDependency section */
		9BB99D8E182063930061D126 /* PBXTargetDependency */ = {
			isa = PBXTargetDependency;
			target = 9BB99D66182063930061D126 /* InertialInternal */;
			targetProxy = 9BB99D8D182063930061D126 /* PBXContainerItemProxy */;
		};
/* End PBXTargetDependency section */

/* Begin PBXVariantGroup section */
		9BB99D73182063930061D126 /* InfoPlist.strings */ = {
			isa = PBXVariantGroup;
			children = (
				9BB99D74182063930061D126 /* en */,
			);
			name = InfoPlist.strings;
			sourceTree = "<group>";
		};
		9BB99D7C182063930061D126 /* Main.storyboard */ = {
			isa = PBXVariantGroup;
			children = (
				9BB99D7D182063930061D126 /* Base */,
			);
			name = Main.storyboard;
			path = InertialInternal;
			sourceTree = "<group>";
		};
		9BB99D92182063930061D126 /* InfoPlist.strings */ = {
			isa = PBXVariantGroup;
			children = (
				9BB99D93182063930061D126 /* en */,
			);
			name = InfoPlist.strings;
			sourceTree = "<group>";
		};
/* End PBXVariantGroup section */

/* Begin XCBuildConfiguration section */
		9BB99D97182063930061D126 /* Debug */ = {
			isa = XCBuildConfiguration;
			buildSettings = {
				ALWAYS_SEARCH_USER_PATHS = NO;
				ARCHS = "$(ARCHS_STANDARD_INCLUDING_64_BIT)";
				CLANG_CXX_LANGUAGE_STANDARD = "gnu++0x";
				CLANG_CXX_LIBRARY = "libc++";
				CLANG_ENABLE_MODULES = YES;
				CLANG_ENABLE_OBJC_ARC = YES;
				CLANG_WARN_BOOL_CONVERSION = YES;
				CLANG_WARN_CONSTANT_CONVERSION = YES;
				CLANG_WARN_DIRECT_OBJC_ISA_USAGE = YES_ERROR;
				CLANG_WARN_EMPTY_BODY = YES;
				CLANG_WARN_ENUM_CONVERSION = YES;
				CLANG_WARN_INT_CONVERSION = YES;
				CLANG_WARN_OBJC_ROOT_CLASS = YES_ERROR;
				CLANG_WARN__DUPLICATE_METHOD_MATCH = YES;
				"CODE_SIGN_IDENTITY[sdk=iphoneos*]" = "iPhone Developer";
				COPY_PHASE_STRIP = NO;
				GCC_C_LANGUAGE_STANDARD = gnu99;
				GCC_DYNAMIC_NO_PIC = NO;
				GCC_OPTIMIZATION_LEVEL = 0;
				GCC_PREPROCESSOR_DEFINITIONS = (
					"DEBUG=1",
					"$(inherited)",
				);
				GCC_SYMBOLS_PRIVATE_EXTERN = NO;
				GCC_WARN_64_TO_32_BIT_CONVERSION = YES;
				GCC_WARN_ABOUT_RETURN_TYPE = YES_ERROR;
				GCC_WARN_UNDECLARED_SELECTOR = YES;
				GCC_WARN_UNINITIALIZED_AUTOS = YES;
				GCC_WARN_UNUSED_FUNCTION = YES;
				GCC_WARN_UNUSED_VARIABLE = YES;
				IPHONEOS_DEPLOYMENT_TARGET = 7.0;
				ONLY_ACTIVE_ARCH = YES;
				SDKROOT = iphoneos;
			};
			name = Debug;
		};
		9BB99D98182063930061D126 /* Release */ = {
			isa = XCBuildConfiguration;
			buildSettings = {
				ALWAYS_SEARCH_USER_PATHS = NO;
				ARCHS = "$(ARCHS_STANDARD_INCLUDING_64_BIT)";
				CLANG_CXX_LANGUAGE_STANDARD = "gnu++0x";
				CLANG_CXX_LIBRARY = "libc++";
				CLANG_ENABLE_MODULES = YES;
				CLANG_ENABLE_OBJC_ARC = YES;
				CLANG_WARN_BOOL_CONVERSION = YES;
				CLANG_WARN_CONSTANT_CONVERSION = YES;
				CLANG_WARN_DIRECT_OBJC_ISA_USAGE = YES_ERROR;
				CLANG_WARN_EMPTY_BODY = YES;
				CLANG_WARN_ENUM_CONVERSION = YES;
				CLANG_WARN_INT_CONVERSION = YES;
				CLANG_WARN_OBJC_ROOT_CLASS = YES_ERROR;
				CLANG_WARN__DUPLICATE_METHOD_MATCH = YES;
				"CODE_SIGN_IDENTITY[sdk=iphoneos*]" = "iPhone Developer";
				COPY_PHASE_STRIP = YES;
				ENABLE_NS_ASSERTIONS = NO;
				GCC_C_LANGUAGE_STANDARD = gnu99;
				GCC_WARN_64_TO_32_BIT_CONVERSION = YES;
				GCC_WARN_ABOUT_RETURN_TYPE = YES_ERROR;
				GCC_WARN_UNDECLARED_SELECTOR = YES;
				GCC_WARN_UNINITIALIZED_AUTOS = YES;
				GCC_WARN_UNUSED_FUNCTION = YES;
				GCC_WARN_UNUSED_VARIABLE = YES;
				IPHONEOS_DEPLOYMENT_TARGET = 7.0;
				SDKROOT = iphoneos;
				VALIDATE_PRODUCT = YES;
			};
			name = Release;
		};
		9BB99D9A182063930061D126 /* Debug */ = {
			isa = XCBuildConfiguration;
			buildSettings = {
				ASSETCATALOG_COMPILER_APPICON_NAME = AppIcon;
				ASSETCATALOG_COMPILER_LAUNCHIMAGE_NAME = LaunchImage;
				CLANG_ENABLE_OBJC_ARC = YES;
				GCC_PRECOMPILE_PREFIX_HEADER = YES;
				GCC_PREFIX_HEADER = "InertialInternal/InertialInternal-Prefix.pch";
				INFOPLIST_FILE = "InertialInternal/InertialInternal-Info.plist";
				PRODUCT_NAME = "$(TARGET_NAME)";
				WRAPPER_EXTENSION = app;
			};
			name = Debug;
		};
		9BB99D9B182063930061D126 /* Release */ = {
			isa = XCBuildConfiguration;
			buildSettings = {
				ASSETCATALOG_COMPILER_APPICON_NAME = AppIcon;
				ASSETCATALOG_COMPILER_LAUNCHIMAGE_NAME = LaunchImage;
				CLANG_ENABLE_OBJC_ARC = YES;
				GCC_PRECOMPILE_PREFIX_HEADER = YES;
				GCC_PREFIX_HEADER = "InertialInternal/InertialInternal-Prefix.pch";
				INFOPLIST_FILE = "InertialInternal/InertialInternal-Info.plist";
				PRODUCT_NAME = "$(TARGET_NAME)";
				WRAPPER_EXTENSION = app;
			};
			name = Release;
		};
		9BB99D9D182063930061D126 /* Debug */ = {
			isa = XCBuildConfiguration;
			buildSettings = {
				ARCHS = "$(ARCHS_STANDARD_INCLUDING_64_BIT)";
				BUNDLE_LOADER = "$(BUILT_PRODUCTS_DIR)/InertialInternal.app/InertialInternal";
				FRAMEWORK_SEARCH_PATHS = (
					"$(SDKROOT)/Developer/Library/Frameworks",
					"$(inherited)",
					"$(DEVELOPER_FRAMEWORKS_DIR)",
				);
				GCC_PRECOMPILE_PREFIX_HEADER = YES;
				GCC_PREFIX_HEADER = "InertialInternal/InertialInternal-Prefix.pch";
				GCC_PREPROCESSOR_DEFINITIONS = (
					"DEBUG=1",
					"$(inherited)",
				);
				INFOPLIST_FILE = "InertialInternalTests/InertialInternalTests-Info.plist";
				PRODUCT_NAME = "$(TARGET_NAME)";
				TEST_HOST = "$(BUNDLE_LOADER)";
				WRAPPER_EXTENSION = xctest;
			};
			name = Debug;
		};
		9BB99D9E182063930061D126 /* Release */ = {
			isa = XCBuildConfiguration;
			buildSettings = {
				ARCHS = "$(ARCHS_STANDARD_INCLUDING_64_BIT)";
				BUNDLE_LOADER = "$(BUILT_PRODUCTS_DIR)/InertialInternal.app/InertialInternal";
				FRAMEWORK_SEARCH_PATHS = (
					"$(SDKROOT)/Developer/Library/Frameworks",
					"$(inherited)",
					"$(DEVELOPER_FRAMEWORKS_DIR)",
				);
				GCC_PRECOMPILE_PREFIX_HEADER = YES;
				GCC_PREFIX_HEADER = "InertialInternal/InertialInternal-Prefix.pch";
				INFOPLIST_FILE = "InertialInternalTests/InertialInternalTests-Info.plist";
				PRODUCT_NAME = "$(TARGET_NAME)";
				TEST_HOST = "$(BUNDLE_LOADER)";
				WRAPPER_EXTENSION = xctest;
			};
			name = Release;
		};
/* End XCBuildConfiguration section */

/* Begin XCConfigurationList section */
		9BB99D62182063930061D126 /* Build configuration list for PBXProject "InertialInternal" */ = {
			isa = XCConfigurationList;
			buildConfigurations = (
				9BB99D97182063930061D126 /* Debug */,
				9BB99D98182063930061D126 /* Release */,
			);
			defaultConfigurationIsVisible = 0;
			defaultConfigurationName = Release;
		};
		9BB99D99182063930061D126 /* Build configuration list for PBXNativeTarget "InertialInternal" */ = {
			isa = XCConfigurationList;
			buildConfigurations = (
				9BB99D9A182063930061D126 /* Debug */,
				9BB99D9B182063930061D126 /* Release */,
			);
			defaultConfigurationIsVisible = 0;
			defaultConfigurationName = Release;
		};
		9BB99D9C182063930061D126 /* Build configuration list for PBXNativeTarget "InertialInternalTests" */ = {
			isa = XCConfigurationList;
			buildConfigurations = (
				9BB99D9D182063930061D126 /* Debug */,
				9BB99D9E182063930061D126 /* Release */,
			);
			defaultConfigurationIsVisible = 0;
			defaultConfigurationName = Release;
		};
/* End XCConfigurationList section */
	};
	rootObject = 9BB99D5F182063930061D126 /* Project object */;
}
